
Microsoft Visual Studio Solution File, Format Version 12.00
# Visual Studio Version 17
VisualStudioVersion = 17.6.33723.286
MinimumVisualStudioVersion = 10.0.40219.1
Project("{FAE04EC0-301F-11D3-BF4B-00C04F79EFBC}") = "SEDC.BurgerApp.Web", "SEDC.BurgerApp.Web\SEDC.BurgerApp.Web.csproj", "{D2239F21-10A6-486E-A506-3FE98F0DCC65}"
EndProject
Project("{FAE04EC0-301F-11D3-BF4B-00C04F79EFBC}") = "SEDC.BurgerApp.BLL", "SEDC.BurgerApp.BLL\SEDC.BurgerApp.BLL.csproj", "{5BFC46A5-CD7E-4C07-AC0A-017A2BEF53AF}"
EndProject
Project("{FAE04EC0-301F-11D3-BF4B-00C04F79EFBC}") = "SEDC.BurgerApp.DAL", "SEDC.BurgerApp.DAL\SEDC.BurgerApp.DAL.csproj", "{8F2E4FAB-701A-4C17-9C6C-53A272C1B7C5}"
EndProject
Global
	GlobalSection(SolutionConfigurationPlatforms) = preSolution
		Debug|Any CPU = Debug|Any CPU
		Release|Any CPU = Release|Any CPU
	EndGlobalSection
	GlobalSection(ProjectConfigurationPlatforms) = postSolution
		{D2239F21-10A6-486E-A506-3FE98F0DCC65}.Debug|Any CPU.ActiveCfg = Debug|Any CPU
		{D2239F21-10A6-486E-A506-3FE98F0DCC65}.Debug|Any CPU.Build.0 = Debug|Any CPU
		{D2239F21-10A6-486E-A506-3FE98F0DCC65}.Release|Any CPU.ActiveCfg = Release|Any CPU
		{D2239F21-10A6-486E-A506-3FE98F0DCC65}.Release|Any CPU.Build.0 = Release|Any CPU
		{5BFC46A5-CD7E-4C07-AC0A-017A2BEF53AF}.Debug|Any CPU.ActiveCfg = Debug|Any CPU
		{5BFC46A5-CD7E-4C07-AC0A-017A2BEF53AF}.Debug|Any CPU.Build.0 = Debug|Any CPU
		{5BFC46A5-CD7E-4C07-AC0A-017A2BEF53AF}.Release|Any CPU.ActiveCfg = Release|Any CPU
		{5BFC46A5-CD7E-4C07-AC0A-017A2BEF53AF}.Release|Any CPU.Build.0 = Release|Any CPU
		{8F2E4FAB-701A-4C17-9C6C-53A272C1B7C5}.Debug|Any CPU.ActiveCfg = Debug|Any CPU
		{8F2E4FAB-701A-4C17-9C6C-53A272C1B7C5}.Debug|Any CPU.Build.0 = Debug|Any CPU
		{8F2E4FAB-701A-4C17-9C6C-53A272C1B7C5}.Release|Any CPU.ActiveCfg = Release|Any CPU
		{8F2E4FAB-701A-4C17-9C6C-53A272C1B7C5}.Release|Any CPU.Build.0 = Release|Any CPU
	EndGlobalSection
	GlobalSection(SolutionProperties) = preSolution
		HideSolutionNode = FALSE
	EndGlobalSection
	GlobalSection(ExtensibilityGlobals) = postSolution
		SolutionGuid = {8839AAC7-21B0-4CF3-A484-B9353ADB429D}
	EndGlobalSection
EndGlobal
